// !$*UTF8*$!
{
	archiveVersion = 1;
	classes = {
	};
	objectVersion = 55;
	objects = {

/* Begin PBXBuildFile section */
		DA58005B285A741300CAA6BB /* GamesDetailsApp.swift in Sources */ = {isa = PBXBuildFile; fileRef = DA58005A285A741300CAA6BB /* GamesDetailsApp.swift */; };
		DA58005D285A741300CAA6BB /* ContentView.swift in Sources */ = {isa = PBXBuildFile; fileRef = DA58005C285A741300CAA6BB /* ContentView.swift */; };
		DA58005F285A741800CAA6BB /* Assets.xcassets in Resources */ = {isa = PBXBuildFile; fileRef = DA58005E285A741800CAA6BB /* Assets.xcassets */; };
		DA580062285A741800CAA6BB /* Preview Assets.xcassets in Resources */ = {isa = PBXBuildFile; fileRef = DA580061285A741800CAA6BB /* Preview Assets.xcassets */; };
		DA58006D285A745800CAA6BB /* Game.swift in Sources */ = {isa = PBXBuildFile; fileRef = DA58006C285A745800CAA6BB /* Game.swift */; };
		DA58006F285A75D700CAA6BB /* Genre.swift in Sources */ = {isa = PBXBuildFile; fileRef = DA58006E285A75D700CAA6BB /* Genre.swift */; };
		DA580071285A79DF00CAA6BB /* GenreCell.swift in Sources */ = {isa = PBXBuildFile; fileRef = DA580070285A79DE00CAA6BB /* GenreCell.swift */; };
		DA580073285B026D00CAA6BB /* GenresViewModel.swift in Sources */ = {isa = PBXBuildFile; fileRef = DA580072285B026D00CAA6BB /* GenresViewModel.swift */; };
		DAF9FC41285B0B8300242489 /* Helpers.swift in Sources */ = {isa = PBXBuildFile; fileRef = DAF9FC40285B0B8300242489 /* Helpers.swift */; };
		DAF9FC43285B519000242489 /* Store.swift in Sources */ = {isa = PBXBuildFile; fileRef = DAF9FC42285B519000242489 /* Store.swift */; };
		DAF9FC46285B520400242489 /* StoreViewModel.swift in Sources */ = {isa = PBXBuildFile; fileRef = DAF9FC45285B520400242489 /* StoreViewModel.swift */; };
		DAF9FC48285B524500242489 /* StoreCell.swift in Sources */ = {isa = PBXBuildFile; fileRef = DAF9FC47285B524500242489 /* StoreCell.swift */; };
		DAF9FC4A285B582400242489 /* StoresView.swift in Sources */ = {isa = PBXBuildFile; fileRef = DAF9FC49285B582400242489 /* StoresView.swift */; };
		DAF9FC4C285B58E200242489 /* GenresView.swift in Sources */ = {isa = PBXBuildFile; fileRef = DAF9FC4B285B58E200242489 /* GenresView.swift */; };
/* End PBXBuildFile section */

/* Begin PBXFileReference section */
		DA580057285A741300CAA6BB /* GamesDetails.app */ = {isa = PBXFileReference; explicitFileType = wrapper.application; includeInIndex = 0; path = GamesDetails.app; sourceTree = BUILT_PRODUCTS_DIR; };
		DA58005A285A741300CAA6BB /* GamesDetailsApp.swift */ = {isa = PBXFileReference; lastKnownFileType = sourcecode.swift; path = GamesDetailsApp.swift; sourceTree = "<group>"; };
		DA58005C285A741300CAA6BB /* ContentView.swift */ = {isa = PBXFileReference; lastKnownFileType = sourcecode.swift; path = ContentView.swift; sourceTree = "<group>"; };
		DA58005E285A741800CAA6BB /* Assets.xcassets */ = {isa = PBXFileReference; lastKnownFileType = folder.assetcatalog; path = Assets.xcassets; sourceTree = "<group>"; };
		DA580061285A741800CAA6BB /* Preview Assets.xcassets */ = {isa = PBXFileReference; lastKnownFileType = folder.assetcatalog; path = "Preview Assets.xcassets"; sourceTree = "<group>"; };
		DA58006C285A745800CAA6BB /* Game.swift */ = {isa = PBXFileReference; lastKnownFileType = sourcecode.swift; path = Game.swift; sourceTree = "<group>"; };
		DA58006E285A75D700CAA6BB /* Genre.swift */ = {isa = PBXFileReference; lastKnownFileType = sourcecode.swift; path = Genre.swift; sourceTree = "<group>"; };
		DA580070285A79DE00CAA6BB /* GenreCell.swift */ = {isa = PBXFileReference; lastKnownFileType = sourcecode.swift; path = GenreCell.swift; sourceTree = "<group>"; };
		DA580072285B026D00CAA6BB /* GenresViewModel.swift */ = {isa = PBXFileReference; lastKnownFileType = sourcecode.swift; path = GenresViewModel.swift; sourceTree = "<group>"; };
		DAF9FC40285B0B8300242489 /* Helpers.swift */ = {isa = PBXFileReference; lastKnownFileType = sourcecode.swift; path = Helpers.swift; sourceTree = "<group>"; };
		DAF9FC42285B519000242489 /* Store.swift */ = {isa = PBXFileReference; lastKnownFileType = sourcecode.swift; path = Store.swift; sourceTree = "<group>"; };
		DAF9FC45285B520400242489 /* StoreViewModel.swift */ = {isa = PBXFileReference; lastKnownFileType = sourcecode.swift; path = StoreViewModel.swift; sourceTree = "<group>"; };
		DAF9FC47285B524500242489 /* StoreCell.swift */ = {isa = PBXFileReference; lastKnownFileType = sourcecode.swift; path = StoreCell.swift; sourceTree = "<group>"; };
		DAF9FC49285B582400242489 /* StoresView.swift */ = {isa = PBXFileReference; lastKnownFileType = sourcecode.swift; path = StoresView.swift; sourceTree = "<group>"; };
		DAF9FC4B285B58E200242489 /* GenresView.swift */ = {isa = PBXFileReference; lastKnownFileType = sourcecode.swift; path = GenresView.swift; sourceTree = "<group>"; };
/* End PBXFileReference section */

/* Begin PBXFrameworksBuildPhase section */
		DA580054285A741300CAA6BB /* Frameworks */ = {
			isa = PBXFrameworksBuildPhase;
			buildActionMask = 2147483647;
			files = (
			);
			runOnlyForDeploymentPostprocessing = 0;
		};
/* End PBXFrameworksBuildPhase section */

/* Begin PBXGroup section */
		DA58004E285A741300CAA6BB = {
			isa = PBXGroup;
			children = (
				DA580059285A741300CAA6BB /* GamesDetails */,
				DA580058285A741300CAA6BB /* Products */,
			);
			sourceTree = "<group>";
		};
		DA580058285A741300CAA6BB /* Products */ = {
			isa = PBXGroup;
			children = (
				DA580057285A741300CAA6BB /* GamesDetails.app */,
			);
			name = Products;
			sourceTree = "<group>";
		};
		DA580059285A741300CAA6BB /* GamesDetails */ = {
			isa = PBXGroup;
			children = (
				DA580069285A743200CAA6BB /* Model */,
				DA58006B285A744500CAA6BB /* View */,
				DA58006A285A743700CAA6BB /* ViewModel */,
				DA58005A285A741300CAA6BB /* GamesDetailsApp.swift */,
				DA58005C285A741300CAA6BB /* ContentView.swift */,
				DA58005E285A741800CAA6BB /* Assets.xcassets */,
				DA580060285A741800CAA6BB /* Preview Content */,
				DAF9FC40285B0B8300242489 /* Helpers.swift */,
			);
			path = GamesDetails;
			sourceTree = "<group>";
		};
		DA580060285A741800CAA6BB /* Preview Content */ = {
			isa = PBXGroup;
			children = (
				DA580061285A741800CAA6BB /* Preview Assets.xcassets */,
			);
			path = "Preview Content";
			sourceTree = "<group>";
		};
		DA580069285A743200CAA6BB /* Model */ = {
			isa = PBXGroup;
			children = (
				DA58006C285A745800CAA6BB /* Game.swift */,
				DA58006E285A75D700CAA6BB /* Genre.swift */,
				DAF9FC42285B519000242489 /* Store.swift */,
			);
			path = Model;
			sourceTree = "<group>";
		};
		DA58006A285A743700CAA6BB /* ViewModel */ = {
			isa = PBXGroup;
			children = (
				DA580072285B026D00CAA6BB /* GenresViewModel.swift */,
				DAF9FC45285B520400242489 /* StoreViewModel.swift */,
			);
			path = ViewModel;
			sourceTree = "<group>";
		};
		DA58006B285A744500CAA6BB /* View */ = {
			isa = PBXGroup;
			children = (
				DAF9FC4B285B58E200242489 /* GenresView.swift */,
				DA580070285A79DE00CAA6BB /* GenreCell.swift */,
				DAF9FC49285B582400242489 /* StoresView.swift */,
				DAF9FC47285B524500242489 /* StoreCell.swift */,
			);
			path = View;
			sourceTree = "<group>";
		};
/* End PBXGroup section */

/* Begin PBXNativeTarget section */
		DA580056285A741300CAA6BB /* GamesDetails */ = {
			isa = PBXNativeTarget;
			buildConfigurationList = DA580065285A741800CAA6BB /* Build configuration list for PBXNativeTarget "GamesDetails" */;
			buildPhases = (
				DA580053285A741300CAA6BB /* Sources */,
				DA580054285A741300CAA6BB /* Frameworks */,
				DA580055285A741300CAA6BB /* Resources */,
			);
			buildRules = (
			);
			dependencies = (
			);
			name = GamesDetails;
			productName = GamesDetails;
			productReference = DA580057285A741300CAA6BB /* GamesDetails.app */;
			productType = "com.apple.product-type.application";
		};
/* End PBXNativeTarget section */

/* Begin PBXProject section */
		DA58004F285A741300CAA6BB /* Project object */ = {
			isa = PBXProject;
			attributes = {
				BuildIndependentTargetsInParallel = 1;
				LastSwiftUpdateCheck = 1340;
				LastUpgradeCheck = 1340;
				TargetAttributes = {
					DA580056285A741300CAA6BB = {
						CreatedOnToolsVersion = 13.4.1;
					};
				};
			};
			buildConfigurationList = DA580052285A741300CAA6BB /* Build configuration list for PBXProject "GamesDetails" */;
			compatibilityVersion = "Xcode 13.0";
			developmentRegion = en;
			hasScannedForEncodings = 0;
			knownRegions = (
				en,
				Base,
			);
			mainGroup = DA58004E285A741300CAA6BB;
			productRefGroup = DA580058285A741300CAA6BB /* Products */;
			projectDirPath = "";
			projectRoot = "";
			targets = (
				DA580056285A741300CAA6BB /* GamesDetails */,
			);
		};
/* End PBXProject section */

/* Begin PBXResourcesBuildPhase section */
		DA580055285A741300CAA6BB /* Resources */ = {
			isa = PBXResourcesBuildPhase;
			buildActionMask = 2147483647;
			files = (
				DA580062285A741800CAA6BB /* Preview Assets.xcassets in Resources */,
				DA58005F285A741800CAA6BB /* Assets.xcassets in Resources */,
			);
			runOnlyForDeploymentPostprocessing = 0;
		};
/* End PBXResourcesBuildPhase section */

/* Begin PBXSourcesBuildPhase section */
		DA580053285A741300CAA6BB /* Sources */ = {
			isa = PBXSourcesBuildPhase;
			buildActionMask = 2147483647;
			files = (
				DA58005D285A741300CAA6BB /* ContentView.swift in Sources */,
				DAF9FC48285B524500242489 /* StoreCell.swift in Sources */,
				DAF9FC46285B520400242489 /* StoreViewModel.swift in Sources */,
				DAF9FC41285B0B8300242489 /* Helpers.swift in Sources */,
				DAF9FC4A285B582400242489 /* StoresView.swift in Sources */,
				DA58006F285A75D700CAA6BB /* Genre.swift in Sources */,
				DAF9FC43285B519000242489 /* Store.swift in Sources */,
				DA58006D285A745800CAA6BB /* Game.swift in Sources */,
				DA580071285A79DF00CAA6BB /* GenreCell.swift in Sources */,
				DA580073285B026D00CAA6BB /* GenresViewModel.swift in Sources */,
				DAF9FC4C285B58E200242489 /* GenresView.swift in Sources */,
				DA58005B285A741300CAA6BB /* GamesDetailsApp.swift in Sources */,
			);
			runOnlyForDeploymentPostprocessing = 0;
		};
/* End PBXSourcesBuildPhase section */

/* Begin XCBuildConfiguration section */
		DA580063285A741800CAA6BB /* Debug */ = {
			isa = XCBuildConfiguration;
			buildSettings = {
				ALWAYS_SEARCH_USER_PATHS = NO;
				CLANG_ANALYZER_NONNULL = YES;
				CLANG_ANALYZER_NUMBER_OBJECT_CONVERSION = YES_AGGRESSIVE;
				CLANG_CXX_LANGUAGE_STANDARD = "gnu++17";
				CLANG_ENABLE_MODULES = YES;
				CLANG_ENABLE_OBJC_ARC = YES;
				CLANG_ENABLE_OBJC_WEAK = YES;
				CLANG_WARN_BLOCK_CAPTURE_AUTORELEASING = YES;
				CLANG_WARN_BOOL_CONVERSION = YES;
				CLANG_WARN_COMMA = YES;
				CLANG_WARN_CONSTANT_CONVERSION = YES;
				CLANG_WARN_DEPRECATED_OBJC_IMPLEMENTATIONS = YES;
				CLANG_WARN_DIRECT_OBJC_ISA_USAGE = YES_ERROR;
				CLANG_WARN_DOCUMENTATION_COMMENTS = YES;
				CLANG_WARN_EMPTY_BODY = YES;
				CLANG_WARN_ENUM_CONVERSION = YES;
				CLANG_WARN_INFINITE_RECURSION = YES;
				CLANG_WARN_INT_CONVERSION = YES;
				CLANG_WARN_NON_LITERAL_NULL_CONVERSION = YES;
				CLANG_WARN_OBJC_IMPLICIT_RETAIN_SELF = YES;
				CLANG_WARN_OBJC_LITERAL_CONVERSION = YES;
				CLANG_WARN_OBJC_ROOT_CLASS = YES_ERROR;
				CLANG_WARN_QUOTED_INCLUDE_IN_FRAMEWORK_HEADER = YES;
				CLANG_WARN_RANGE_LOOP_ANALYSIS = YES;
				CLANG_WARN_STRICT_PROTOTYPES = YES;
				CLANG_WARN_SUSPICIOUS_MOVE = YES;
				CLANG_WARN_UNGUARDED_AVAILABILITY = YES_AGGRESSIVE;
				CLANG_WARN_UNREACHABLE_CODE = YES;
				CLANG_WARN__DUPLICATE_METHOD_MATCH = YES;
				COPY_PHASE_STRIP = NO;
				DEBUG_INFORMATION_FORMAT = dwarf;
				ENABLE_STRICT_OBJC_MSGSEND = YES;
				ENABLE_TESTABILITY = YES;
				GCC_C_LANGUAGE_STANDARD = gnu11;
				GCC_DYNAMIC_NO_PIC = NO;
				GCC_NO_COMMON_BLOCKS = YES;
				GCC_OPTIMIZATION_LEVEL = 0;
				GCC_PREPROCESSOR_DEFINITIONS = (
					"DEBUG=1",
					"$(inherited)",
				);
				GCC_WARN_64_TO_32_BIT_CONVERSION = YES;
				GCC_WARN_ABOUT_RETURN_TYPE = YES_ERROR;
				GCC_WARN_UNDECLARED_SELECTOR = YES;
				GCC_WARN_UNINITIALIZED_AUTOS = YES_AGGRESSIVE;
				GCC_WARN_UNUSED_FUNCTION = YES;
				GCC_WARN_UNUSED_VARIABLE = YES;
				IPHONEOS_DEPLOYMENT_TARGET = 15.5;
				MTL_ENABLE_DEBUG_INFO = INCLUDE_SOURCE;
				MTL_FAST_MATH = YES;
				ONLY_ACTIVE_ARCH = YES;
				SDKROOT = iphoneos;
				SWIFT_ACTIVE_COMPILATION_CONDITIONS = DEBUG;
				SWIFT_OPTIMIZATION_LEVEL = "-Onone";
			};
			name = Debug;
		};
		DA580064285A741800CAA6BB /* Release */ = {
			isa = XCBuildConfiguration;
			buildSettings = {
				ALWAYS_SEARCH_USER_PATHS = NO;
				CLANG_ANALYZER_NONNULL = YES;
				CLANG_ANALYZER_NUMBER_OBJECT_CONVERSION = YES_AGGRESSIVE;
				CLANG_CXX_LANGUAGE_STANDARD = "gnu++17";
				CLANG_ENABLE_MODULES = YES;
				CLANG_ENABLE_OBJC_ARC = YES;
				CLANG_ENABLE_OBJC_WEAK = YES;
				CLANG_WARN_BLOCK_CAPTURE_AUTORELEASING = YES;
				CLANG_WARN_BOOL_CONVERSION = YES;
				CLANG_WARN_COMMA = YES;
				CLANG_WARN_CONSTANT_CONVERSION = YES;
				CLANG_WARN_DEPRECATED_OBJC_IMPLEMENTATIONS = YES;
				CLANG_WARN_DIRECT_OBJC_ISA_USAGE = YES_ERROR;
				CLANG_WARN_DOCUMENTATION_COMMENTS = YES;
				CLANG_WARN_EMPTY_BODY = YES;
				CLANG_WARN_ENUM_CONVERSION = YES;
				CLANG_WARN_INFINITE_RECURSION = YES;
				CLANG_WARN_INT_CONVERSION = YES;
				CLANG_WARN_NON_LITERAL_NULL_CONVERSION = YES;
				CLANG_WARN_OBJC_IMPLICIT_RETAIN_SELF = YES;
				CLANG_WARN_OBJC_LITERAL_CONVERSION = YES;
				CLANG_WARN_OBJC_ROOT_CLASS = YES_ERROR;
				CLANG_WARN_QUOTED_INCLUDE_IN_FRAMEWORK_HEADER = YES;
				CLANG_WARN_RANGE_LOOP_ANALYSIS = YES;
				CLANG_WARN_STRICT_PROTOTYPES = YES;
				CLANG_WARN_SUSPICIOUS_MOVE = YES;
				CLANG_WARN_UNGUARDED_AVAILABILITY = YES_AGGRESSIVE;
				CLANG_WARN_UNREACHABLE_CODE = YES;
				CLANG_WARN__DUPLICATE_METHOD_MATCH = YES;
				COPY_PHASE_STRIP = NO;
				DEBUG_INFORMATION_FORMAT = "dwarf-with-dsym";
				ENABLE_NS_ASSERTIONS = NO;
				ENABLE_STRICT_OBJC_MSGSEND = YES;
				GCC_C_LANGUAGE_STANDARD = gnu11;
				GCC_NO_COMMON_BLOCKS = YES;
				GCC_WARN_64_TO_32_BIT_CONVERSION = YES;
				GCC_WARN_ABOUT_RETURN_TYPE = YES_ERROR;
				GCC_WARN_UNDECLARED_SELECTOR = YES;
				GCC_WARN_UNINITIALIZED_AUTOS = YES_AGGRESSIVE;
				GCC_WARN_UNUSED_FUNCTION = YES;
				GCC_WARN_UNUSED_VARIABLE = YES;
				IPHONEOS_DEPLOYMENT_TARGET = 15.5;
				MTL_ENABLE_DEBUG_INFO = NO;
				MTL_FAST_MATH = YES;
				SDKROOT = iphoneos;
				SWIFT_COMPILATION_MODE = wholemodule;
				SWIFT_OPTIMIZATION_LEVEL = "-O";
				VALIDATE_PRODUCT = YES;
			};
			name = Release;
		};
		DA580066285A741800CAA6BB /* Debug */ = {
			isa = XCBuildConfiguration;
			buildSettings = {
				ASSETCATALOG_COMPILER_APPICON_NAME = AppIcon;
				ASSETCATALOG_COMPILER_GLOBAL_ACCENT_COLOR_NAME = AccentColor;
				CODE_SIGN_STYLE = Automatic;
				CURRENT_PROJECT_VERSION = 1;
				DEVELOPMENT_ASSET_PATHS = "\"GamesDetails/Preview Content\"";
				DEVELOPMENT_TEAM = 8GK46A9MNC;
				ENABLE_PREVIEWS = YES;
				GENERATE_INFOPLIST_FILE = YES;
				INFOPLIST_KEY_UIApplicationSceneManifest_Generation = YES;
				INFOPLIST_KEY_UIApplicationSupportsIndirectInputEvents = YES;
				INFOPLIST_KEY_UILaunchScreen_Generation = YES;
				INFOPLIST_KEY_UISupportedInterfaceOrientations_iPad = "UIInterfaceOrientationPortrait UIInterfaceOrientationPortraitUpsideDown UIInterfaceOrientationLandscapeLeft UIInterfaceOrientationLandscapeRight";
				INFOPLIST_KEY_UISupportedInterfaceOrientations_iPhone = "UIInterfaceOrientationPortrait UIInterfaceOrientationLandscapeLeft UIInterfaceOrientationLandscapeRight";
				LD_RUNPATH_SEARCH_PATHS = (
					"$(inherited)",
					"@executable_path/Frameworks",
				);
				MARKETING_VERSION = 1.0;
				PRODUCT_BUNDLE_IDENTIFIER = com.alazarevic.GamesDetails;
				PRODUCT_NAME = "$(TARGET_NAME)";
				SWIFT_EMIT_LOC_STRINGS = YES;
				SWIFT_VERSION = 5.0;
				TARGETED_DEVICE_FAMILY = "1,2";
			};
			name = Debug;
		};
		DA580067285A741800CAA6BB /* Release */ = {
			isa = XCBuildConfiguration;
			buildSettings = {
				ASSETCATALOG_COMPILER_APPICON_NAME = AppIcon;
				ASSETCATALOG_COMPILER_GLOBAL_ACCENT_COLOR_NAME = AccentColor;
				CODE_SIGN_STYLE = Automatic;
				CURRENT_PROJECT_VERSION = 1;
				DEVELOPMENT_ASSET_PATHS = "\"GamesDetails/Preview Content\"";
				DEVELOPMENT_TEAM = 8GK46A9MNC;
				ENABLE_PREVIEWS = YES;
				GENERATE_INFOPLIST_FILE = YES;
				INFOPLIST_KEY_UIApplicationSceneManifest_Generation = YES;
				INFOPLIST_KEY_UIApplicationSupportsIndirectInputEvents = YES;
				INFOPLIST_KEY_UILaunchScreen_Generation = YES;
				INFOPLIST_KEY_UISupportedInterfaceOrientations_iPad = "UIInterfaceOrientationPortrait UIInterfaceOrientationPortraitUpsideDown UIInterfaceOrientationLandscapeLeft UIInterfaceOrientationLandscapeRight";
				INFOPLIST_KEY_UISupportedInterfaceOrientations_iPhone = "UIInterfaceOrientationPortrait UIInterfaceOrientationLandscapeLeft UIInterfaceOrientationLandscapeRight";
				LD_RUNPATH_SEARCH_PATHS = (
					"$(inherited)",
					"@executable_path/Frameworks",
				);
				MARKETING_VERSION = 1.0;
				PRODUCT_BUNDLE_IDENTIFIER = com.alazarevic.GamesDetails;
				PRODUCT_NAME = "$(TARGET_NAME)";
				SWIFT_EMIT_LOC_STRINGS = YES;
				SWIFT_VERSION = 5.0;
				TARGETED_DEVICE_FAMILY = "1,2";
			};
			name = Release;
		};
/* End XCBuildConfiguration section */

/* Begin XCConfigurationList section */
		DA580052285A741300CAA6BB /* Build configuration list for PBXProject "GamesDetails" */ = {
			isa = XCConfigurationList;
			buildConfigurations = (
				DA580063285A741800CAA6BB /* Debug */,
				DA580064285A741800CAA6BB /* Release */,
			);
			defaultConfigurationIsVisible = 0;
			defaultConfigurationName = Release;
		};
		DA580065285A741800CAA6BB /* Build configuration list for PBXNativeTarget "GamesDetails" */ = {
			isa = XCConfigurationList;
			buildConfigurations = (
				DA580066285A741800CAA6BB /* Debug */,
				DA580067285A741800CAA6BB /* Release */,
			);
			defaultConfigurationIsVisible = 0;
			defaultConfigurationName = Release;
		};
/* End XCConfigurationList section */
	};
	rootObject = DA58004F285A741300CAA6BB /* Project object */;
}
